
Microsoft Visual Studio Solution File, Format Version 12.00
# Visual Studio Version 17
VisualStudioVersion = 17.6.33815.320
MinimumVisualStudioVersion = 10.0.40219.1
Project("{FAE04EC0-301F-11D3-BF4B-00C04F79EFBC}") = "ADUMP", "ADUMP.csproj", "{D0A861DA-38BC-40EF-9196-5858A76FC672}"
EndProject
Global
	GlobalSection(SolutionConfigurationPlatforms) = preSolution
		Debug|Any CPU = Debug|Any CPU
		Release|Any CPU = Release|Any CPU
	EndGlobalSection
	GlobalSection(ProjectConfigurationPlatforms) = postSolution
		{D0A861DA-38BC-40EF-9196-5858A76FC672}.Debug|Any CPU.ActiveCfg = Debug|Any CPU
		{D0A861DA-38BC-40EF-9196-5858A76FC672}.Debug|Any CPU.Build.0 = Debug|Any CPU
		{D0A861DA-38BC-40EF-9196-5858A76FC672}.Release|Any CPU.ActiveCfg = Release|Any CPU
		{D0A861DA-38BC-40EF-9196-5858A76FC672}.Release|Any CPU.Build.0 = Release|Any CPU
	EndGlobalSection
	GlobalSection(SolutionProperties) = preSolution
		HideSolutionNode = FALSE
	EndGlobalSection
	GlobalSection(ExtensibilityGlobals) = postSolution
		SolutionGuid = {C11D0F16-49F9-4AC7-9EFC-5B58EF6DD91C}
	EndGlobalSection
EndGlobal
